
Microsoft Visual Studio Solution File, Format Version 12.00
# Visual Studio Version 17
VisualStudioVersion = 17.14.36414.22 d17.14
MinimumVisualStudioVersion = 10.0.40219.1
Project("{FAE04EC0-301F-11D3-BF4B-00C04F79EFBC}") = "Appparalogin", "Appparalogin\Appparalogin.csproj", "{2BB68220-BE10-469E-9EB6-BECE83C2D5EA}"
EndProject
Global
	GlobalSection(SolutionConfigurationPlatforms) = preSolution
		Debug|Any CPU = Debug|Any CPU
		Release|Any CPU = Release|Any CPU
	EndGlobalSection
	GlobalSection(ProjectConfigurationPlatforms) = postSolution
		{2BB68220-BE10-469E-9EB6-BECE83C2D5EA}.Debug|Any CPU.ActiveCfg = Debug|Any CPU
		{2BB68220-BE10-469E-9EB6-BECE83C2D5EA}.Debug|Any CPU.Build.0 = Debug|Any CPU
		{2BB68220-BE10-469E-9EB6-BECE83C2D5EA}.Release|Any CPU.ActiveCfg = Release|Any CPU
		{2BB68220-BE10-469E-9EB6-BECE83C2D5EA}.Release|Any CPU.Build.0 = Release|Any CPU
	EndGlobalSection
	GlobalSection(SolutionProperties) = preSolution
		HideSolutionNode = FALSE
	EndGlobalSection
	GlobalSection(ExtensibilityGlobals) = postSolution
		SolutionGuid = {F96A3E97-A8F0-4124-9814-DD7A432BC2AE}
	EndGlobalSection
EndGlobal
